
Microsoft Visual Studio Solution File, Format Version 12.00
# Visual Studio Version 16
VisualStudioVersion = 16.0.30114.105
MinimumVisualStudioVersion = 10.0.40219.1
Project("{FAE04EC0-301F-11D3-BF4B-00C04F79EFBC}") = "AGBD.Test", "AGBD.Test\AGBD.Test.csproj", "{3641F2B3-0767-47CC-B335-5B97F030FC98}"
EndProject
Project("{FAE04EC0-301F-11D3-BF4B-00C04F79EFBC}") = "AGBD", "AGBD\AGBD.csproj", "{C3E9A5BA-E4C0-4C74-BE05-10749BFB1982}"
EndProject
Project("{FAE04EC0-301F-11D3-BF4B-00C04F79EFBC}") = "AGBD.Test.MVC", "AGBD.Test.MVC\AGBD.Test.MVC.csproj", "{E4F1AAE3-7FB2-43B8-923F-27B6264ACC1A}"
EndProject
Project("{FAE04EC0-301F-11D3-BF4B-00C04F79EFBC}") = "AGBD.Test.Core", "AGBD.Test.Core\AGBD.Test.Core.csproj", "{E9164560-6CAA-412F-843D-41F81B4F5DF8}"
EndProject
Global
	GlobalSection(SolutionConfigurationPlatforms) = preSolution
		Debug|Any CPU = Debug|Any CPU
		Release|Any CPU = Release|Any CPU
	EndGlobalSection
	GlobalSection(SolutionProperties) = preSolution
		HideSolutionNode = FALSE
	EndGlobalSection
	GlobalSection(ProjectConfigurationPlatforms) = postSolution
		{3641F2B3-0767-47CC-B335-5B97F030FC98}.Debug|Any CPU.ActiveCfg = Debug|Any CPU
		{3641F2B3-0767-47CC-B335-5B97F030FC98}.Debug|Any CPU.Build.0 = Debug|Any CPU
		{3641F2B3-0767-47CC-B335-5B97F030FC98}.Release|Any CPU.ActiveCfg = Release|Any CPU
		{3641F2B3-0767-47CC-B335-5B97F030FC98}.Release|Any CPU.Build.0 = Release|Any CPU
		{C3E9A5BA-E4C0-4C74-BE05-10749BFB1982}.Debug|Any CPU.ActiveCfg = Debug|Any CPU
		{C3E9A5BA-E4C0-4C74-BE05-10749BFB1982}.Debug|Any CPU.Build.0 = Debug|Any CPU
		{C3E9A5BA-E4C0-4C74-BE05-10749BFB1982}.Release|Any CPU.ActiveCfg = Release|Any CPU
		{C3E9A5BA-E4C0-4C74-BE05-10749BFB1982}.Release|Any CPU.Build.0 = Release|Any CPU
		{E4F1AAE3-7FB2-43B8-923F-27B6264ACC1A}.Debug|Any CPU.ActiveCfg = Debug|Any CPU
		{E4F1AAE3-7FB2-43B8-923F-27B6264ACC1A}.Debug|Any CPU.Build.0 = Debug|Any CPU
		{E4F1AAE3-7FB2-43B8-923F-27B6264ACC1A}.Release|Any CPU.ActiveCfg = Release|Any CPU
		{E4F1AAE3-7FB2-43B8-923F-27B6264ACC1A}.Release|Any CPU.Build.0 = Release|Any CPU
		{E9164560-6CAA-412F-843D-41F81B4F5DF8}.Debug|Any CPU.ActiveCfg = Debug|Any CPU
		{E9164560-6CAA-412F-843D-41F81B4F5DF8}.Debug|Any CPU.Build.0 = Debug|Any CPU
		{E9164560-6CAA-412F-843D-41F81B4F5DF8}.Release|Any CPU.ActiveCfg = Release|Any CPU
		{E9164560-6CAA-412F-843D-41F81B4F5DF8}.Release|Any CPU.Build.0 = Release|Any CPU
	EndGlobalSection
EndGlobal
